{
  "name": "@logisticinfotech/react-native-animated-alert",
  "version": "1.0.0",
  "lockfileVersion": 1,
  "requires": true,
  "dependencies": {
    "@popmotion/easing": {
      "version": "1.0.2",
      "resolved": "https://registry.npmjs.org/@popmotion/easing/-/easing-1.0.2.tgz",
      "integrity": "sha512-IkdW0TNmRnWTeWI7aGQIVDbKXPWHVEYdGgd5ZR4SH/Ty/61p63jCjrPxX1XrR7IGkl08bjhJROStD7j+RKgoIw=="
    },
    "@types/invariant": {
      "version": "2.2.30",
      "resolved": "https://registry.npmjs.org/@types/invariant/-/invariant-2.2.30.tgz",
      "integrity": "sha512-98fB+yo7imSD2F7PF7GIpELNgtLNgo5wjivu0W5V4jx+KVVJxo6p/qN4zdzSTBWy4/sN3pPyXwnhRSD28QX+ag=="
    },
    "@types/node": {
      "version": "10.14.15",
      "resolved": "https://registry.npmjs.org/@types/node/-/node-10.14.15.tgz",
      "integrity": "sha512-CBR5avlLcu0YCILJiDIXeU2pTw7UK/NIxfC63m7d7CVamho1qDEzXKkOtEauQRPMy6MI8mLozth+JJkas7HY6g=="
    },
    "@types/prop-types": {
      "version": "15.7.1",
      "resolved": "https://registry.npmjs.org/@types/prop-types/-/prop-types-15.7.1.tgz",
      "integrity": "sha512-CFzn9idOEpHrgdw8JsoTkaDDyRWk1jrzIV8djzcgpq0y9tG4B4lFT+Nxh52DVpDXV+n4+NPNv7M1Dj5uMp6XFg==",
      "dev": true
    },
    "@types/react": {
      "version": "16.9.0",
      "resolved": "https://registry.npmjs.org/@types/react/-/react-16.9.0.tgz",
      "integrity": "sha512-eOct1hyZI9YZf/eqNlYu7jxA9qyTw1EGXruAJhHhBDBpc00W0C1vwlnh+hkOf7UFZkNK+UxnFBpwAZe3d7XJhQ==",
      "dev": true,
      "requires": {
        "@types/prop-types": "*",
        "csstype": "^2.2.0"
      }
    },
    "animated-pose": {
      "version": "1.2.3",
      "resolved": "https://registry.npmjs.org/animated-pose/-/animated-pose-1.2.3.tgz",
      "integrity": "sha512-7XtulKltEIt/E+7jOz4+pCduZENRI3DU/8zvqzCGmKTAmPJiXeT34P4oYmZ83PzKd4orJqv0kN3D7Zh0COjPWg==",
      "requires": {
        "@popmotion/easing": "^1.0.1",
        "hey-listen": "^1.0.5",
        "pose-core": "^2.0.3"
      }
    },
    "csstype": {
      "version": "2.6.6",
      "resolved": "https://registry.npmjs.org/csstype/-/csstype-2.6.6.tgz",
      "integrity": "sha512-RpFbQGUE74iyPgvr46U9t1xoQBM8T4BL8SxrN66Le2xYAPSaDJJKeztV3awugusb3g3G9iL8StmkBBXhcbbXhg==",
      "dev": true
    },
    "hey-listen": {
      "version": "1.0.8",
      "resolved": "https://registry.npmjs.org/hey-listen/-/hey-listen-1.0.8.tgz",
      "integrity": "sha512-COpmrF2NOg4TBWUJ5UVyaCU2A88wEMkUPK4hNqyCkqHbxT92BbvfjoSozkAIIm6XhicGlJHhFdullInrdhwU8Q=="
    },
    "js-tokens": {
      "version": "4.0.0",
      "resolved": "https://registry.npmjs.org/js-tokens/-/js-tokens-4.0.0.tgz",
      "integrity": "sha512-RdJUflcE3cUzKiMqQgsCu06FPu9UdIJO0beYbPhHN4k6apgJtifcoCtT9bcxOpYBtpD2kCM6Sbzg4CausW/PKQ=="
    },
    "loose-envify": {
      "version": "1.4.0",
      "resolved": "https://registry.npmjs.org/loose-envify/-/loose-envify-1.4.0.tgz",
      "integrity": "sha512-lyuxPGr/Wfhrlem2CL/UcnUc1zcqKAImBDzukY7Y5F/yQiNdko6+fRLevlw1HgMySw7f611UIY408EtxRSoK3Q==",
      "requires": {
        "js-tokens": "^3.0.0 || ^4.0.0"
      }
    },
    "object-assign": {
      "version": "4.1.1",
      "resolved": "https://registry.npmjs.org/object-assign/-/object-assign-4.1.1.tgz",
      "integrity": "sha1-IQmtx5ZYh8/AXLvUQsrIv7s2CGM="
    },
    "pose-core": {
      "version": "2.1.0",
      "resolved": "https://registry.npmjs.org/pose-core/-/pose-core-2.1.0.tgz",
      "integrity": "sha512-36mVAnIgbM6jfyRug8EqqFbazHUAk9dxwVRpX61FlVw3amI/j7AFegtVU56N0Dht2aYDJIhgYPUYraT1CzjHDw==",
      "requires": {
        "@types/invariant": "^2.2.29",
        "@types/node": "^10.0.5",
        "hey-listen": "^1.0.5",
        "tslib": "^1.9.1"
      }
    },
    "prop-types": {
      "version": "15.7.2",
      "resolved": "https://registry.npmjs.org/prop-types/-/prop-types-15.7.2.tgz",
      "integrity": "sha512-8QQikdH7//R2vurIJSutZ1smHYTcLpRWEOlHnzcWHmBYrOGUysKwSsrC89BCiFj3CbrfJ/nXFdJepOVrY1GCHQ==",
      "requires": {
        "loose-envify": "^1.4.0",
        "object-assign": "^4.1.1",
        "react-is": "^16.8.1"
      }
    },
    "react-is": {
      "version": "16.9.0",
      "resolved": "https://registry.npmjs.org/react-is/-/react-is-16.9.0.tgz",
      "integrity": "sha512-tJBzzzIgnnRfEm046qRcURvwQnZVXmuCbscxUO5RWrGTXpon2d4c8mI0D8WE6ydVIm29JiLB6+RslkIvym9Rjw=="
    },
    "react-native-pose": {
      "version": "0.9.1",
      "resolved": "https://registry.npmjs.org/react-native-pose/-/react-native-pose-0.9.1.tgz",
      "integrity": "sha512-JQ17SWXk6Hetlxfj3PO09/jYt5PMwu+MZ9YPcgRp5A//EtYXvfHS+IieXDnCg36wi74yZ80MvYx025//g/tqbQ==",
      "requires": {
        "animated-pose": "^1.2.0",
        "react-pose-core": "^0.5.0"
      }
    },
    "react-pose-core": {
      "version": "0.5.0",
      "resolved": "https://registry.npmjs.org/react-pose-core/-/react-pose-core-0.5.0.tgz",
      "integrity": "sha512-vzpeO0G47gDBxTQ2DZMKIbbz3BdEPT6dr3LoaxyZQWaPMBqYNY2hdi0cRLqqy5EWmvqorLY/vl/q3arNGBmUeg==",
      "requires": {
        "animated-pose": "^1.0.0",
        "hey-listen": "^1.0.5"
      }
    },
    "tslib": {
      "version": "1.10.0",
      "resolved": "https://registry.npmjs.org/tslib/-/tslib-1.10.0.tgz",
      "integrity": "sha512-qOebF53frne81cf0S9B41ByenJ3/IuH8yJKngAX35CmiZySA0khhkovshKK+jGCaMnVomla7gVlIcc3EvKPbTQ=="
    },
    "typescript": {
      "version": "3.5.3",
      "resolved": "https://registry.npmjs.org/typescript/-/typescript-3.5.3.tgz",
      "integrity": "sha512-ACzBtm/PhXBDId6a6sDJfroT2pOWt/oOnk4/dElG5G33ZL776N3Y6/6bKZJBFpd+b05F3Ct9qDjMeJmRWtE2/g==",
      "dev": true
    }
  }
}
